
Microsoft Visual Studio Solution File, Format Version 12.00
# Visual Studio Version 17
VisualStudioVersion = 17.7.34221.43
MinimumVisualStudioVersion = 10.0.40219.1
Project("{9A19103F-16F7-4668-BE54-9A1E7A4F7556}") = "notebook", "notebook.csproj", "{609EDFEC-960C-4C4D-90CA-7B99709D72CD}"
EndProject
Global
	GlobalSection(SolutionConfigurationPlatforms) = preSolution
		Debug|Any CPU = Debug|Any CPU
		Release|Any CPU = Release|Any CPU
	EndGlobalSection
	GlobalSection(ProjectConfigurationPlatforms) = postSolution
		{609EDFEC-960C-4C4D-90CA-7B99709D72CD}.Debug|Any CPU.ActiveCfg = Debug|Any CPU
		{609EDFEC-960C-4C4D-90CA-7B99709D72CD}.Debug|Any CPU.Build.0 = Debug|Any CPU
		{609EDFEC-960C-4C4D-90CA-7B99709D72CD}.Release|Any CPU.ActiveCfg = Release|Any CPU
		{609EDFEC-960C-4C4D-90CA-7B99709D72CD}.Release|Any CPU.Build.0 = Release|Any CPU
	EndGlobalSection
	GlobalSection(SolutionProperties) = preSolution
		HideSolutionNode = FALSE
	EndGlobalSection
	GlobalSection(ExtensibilityGlobals) = postSolution
		SolutionGuid = {512425B4-4F0C-4EE9-AE96-93985E0FAC0F}
	EndGlobalSection
EndGlobal
